// !$*UTF8*$!
{
	archiveVersion = 1;
	classes = {
	};
	objectVersion = 55;
	objects = {

/* Begin PBXBuildFile section */
		603EB3A92B9F7B0C00730C74 /* Recipe_bookApp.swift in Sources */ = {isa = PBXBuildFile; fileRef = 603EB3A82B9F7B0C00730C74 /* Recipe_bookApp.swift */; };
		603EB3AB2B9F7B0C00730C74 /* ContentView.swift in Sources */ = {isa = PBXBuildFile; fileRef = 603EB3AA2B9F7B0C00730C74 /* ContentView.swift */; };
		603EB3AD2B9F7B1300730C74 /* Assets.xcassets in Resources */ = {isa = PBXBuildFile; fileRef = 603EB3AC2B9F7B1300730C74 /* Assets.xcassets */; };
		603EB3B02B9F7B1300730C74 /* Preview Assets.xcassets in Resources */ = {isa = PBXBuildFile; fileRef = 603EB3AF2B9F7B1300730C74 /* Preview Assets.xcassets */; };
		603EB3BA2B9F7B1400730C74 /* Recipe_bookTests.swift in Sources */ = {isa = PBXBuildFile; fileRef = 603EB3B92B9F7B1400730C74 /* Recipe_bookTests.swift */; };
		603EB3C42B9F7B1400730C74 /* Recipe_bookUITests.swift in Sources */ = {isa = PBXBuildFile; fileRef = 603EB3C32B9F7B1400730C74 /* Recipe_bookUITests.swift */; };
		603EB3C62B9F7B1400730C74 /* Recipe_bookUITestsLaunchTests.swift in Sources */ = {isa = PBXBuildFile; fileRef = 603EB3C52B9F7B1400730C74 /* Recipe_bookUITestsLaunchTests.swift */; };
/* End PBXBuildFile section */

/* Begin PBXContainerItemProxy section */
		603EB3B62B9F7B1400730C74 /* PBXContainerItemProxy */ = {
			isa = PBXContainerItemProxy;
			containerPortal = 603EB39D2B9F7B0C00730C74 /* Project object */;
			proxyType = 1;
			remoteGlobalIDString = 603EB3A42B9F7B0C00730C74;
			remoteInfo = "Recipe book";
		};
		603EB3C02B9F7B1400730C74 /* PBXContainerItemProxy */ = {
			isa = PBXContainerItemProxy;
			containerPortal = 603EB39D2B9F7B0C00730C74 /* Project object */;
			proxyType = 1;
			remoteGlobalIDString = 603EB3A42B9F7B0C00730C74;
			remoteInfo = "Recipe book";
		};
/* End PBXContainerItemProxy section */

/* Begin PBXFileReference section */
		603EB3A52B9F7B0C00730C74 /* Recipe book.app */ = {isa = PBXFileReference; explicitFileType = wrapper.application; includeInIndex = 0; path = "Recipe book.app"; sourceTree = BUILT_PRODUCTS_DIR; };
		603EB3A82B9F7B0C00730C74 /* Recipe_bookApp.swift */ = {isa = PBXFileReference; lastKnownFileType = sourcecode.swift; path = Recipe_bookApp.swift; sourceTree = "<group>"; };
		603EB3AA2B9F7B0C00730C74 /* ContentView.swift */ = {isa = PBXFileReference; lastKnownFileType = sourcecode.swift; path = ContentView.swift; sourceTree = "<group>"; };
		603EB3AC2B9F7B1300730C74 /* Assets.xcassets */ = {isa = PBXFileReference; lastKnownFileType = folder.assetcatalog; path = Assets.xcassets; sourceTree = "<group>"; };
		603EB3AF2B9F7B1300730C74 /* Preview Assets.xcassets */ = {isa = PBXFileReference; lastKnownFileType = folder.assetcatalog; path = "Preview Assets.xcassets"; sourceTree = "<group>"; };
		603EB3B52B9F7B1400730C74 /* Recipe bookTests.xctest */ = {isa = PBXFileReference; explicitFileType = wrapper.cfbundle; includeInIndex = 0; path = "Recipe bookTests.xctest"; sourceTree = BUILT_PRODUCTS_DIR; };
		603EB3B92B9F7B1400730C74 /* Recipe_bookTests.swift */ = {isa = PBXFileReference; lastKnownFileType = sourcecode.swift; path = Recipe_bookTests.swift; sourceTree = "<group>"; };
		603EB3BF2B9F7B1400730C74 /* Recipe bookUITests.xctest */ = {isa = PBXFileReference; explicitFileType = wrapper.cfbundle; includeInIndex = 0; path = "Recipe bookUITests.xctest"; sourceTree = BUILT_PRODUCTS_DIR; };
		603EB3C32B9F7B1400730C74 /* Recipe_bookUITests.swift */ = {isa = PBXFileReference; lastKnownFileType = sourcecode.swift; path = Recipe_bookUITests.swift; sourceTree = "<group>"; };
		603EB3C52B9F7B1400730C74 /* Recipe_bookUITestsLaunchTests.swift */ = {isa = PBXFileReference; lastKnownFileType = sourcecode.swift; path = Recipe_bookUITestsLaunchTests.swift; sourceTree = "<group>"; };
/* End PBXFileReference section */

/* Begin PBXFrameworksBuildPhase section */
		603EB3A22B9F7B0C00730C74 /* Frameworks */ = {
			isa = PBXFrameworksBuildPhase;
			buildActionMask = 2147483647;
			files = (
			);
			runOnlyForDeploymentPostprocessing = 0;
		};
		603EB3B22B9F7B1400730C74 /* Frameworks */ = {
			isa = PBXFrameworksBuildPhase;
			buildActionMask = 2147483647;
			files = (
			);
			runOnlyForDeploymentPostprocessing = 0;
		};
		603EB3BC2B9F7B1400730C74 /* Frameworks */ = {
			isa = PBXFrameworksBuildPhase;
			buildActionMask = 2147483647;
			files = (
			);
			runOnlyForDeploymentPostprocessing = 0;
		};
/* End PBXFrameworksBuildPhase section */

/* Begin PBXGroup section */
		603EB39C2B9F7B0C00730C74 = {
			isa = PBXGroup;
			children = (
				603EB3A72B9F7B0C00730C74 /* Recipe book */,
				603EB3B82B9F7B1400730C74 /* Recipe bookTests */,
				603EB3C22B9F7B1400730C74 /* Recipe bookUITests */,
				603EB3A62B9F7B0C00730C74 /* Products */,
			);
			sourceTree = "<group>";
		};
		603EB3A62B9F7B0C00730C74 /* Products */ = {
			isa = PBXGroup;
			children = (
				603EB3A52B9F7B0C00730C74 /* Recipe book.app */,
				603EB3B52B9F7B1400730C74 /* Recipe bookTests.xctest */,
				603EB3BF2B9F7B1400730C74 /* Recipe bookUITests.xctest */,
			);
			name = Products;
			sourceTree = "<group>";
		};
		603EB3A72B9F7B0C00730C74 /* Recipe book */ = {
			isa = PBXGroup;
			children = (
				603EB3A82B9F7B0C00730C74 /* Recipe_bookApp.swift */,
				603EB3AA2B9F7B0C00730C74 /* ContentView.swift */,
				603EB3AC2B9F7B1300730C74 /* Assets.xcassets */,
				603EB3AE2B9F7B1300730C74 /* Preview Content */,
			);
			path = "Recipe book";
			sourceTree = "<group>";
		};
		603EB3AE2B9F7B1300730C74 /* Preview Content */ = {
			isa = PBXGroup;
			children = (
				603EB3AF2B9F7B1300730C74 /* Preview Assets.xcassets */,
			);
			path = "Preview Content";
			sourceTree = "<group>";
		};
		603EB3B82B9F7B1400730C74 /* Recipe bookTests */ = {
			isa = PBXGroup;
			children = (
				603EB3B92B9F7B1400730C74 /* Recipe_bookTests.swift */,
			);
			path = "Recipe bookTests";
			sourceTree = "<group>";
		};
		603EB3C22B9F7B1400730C74 /* Recipe bookUITests */ = {
			isa = PBXGroup;
			children = (
				603EB3C32B9F7B1400730C74 /* Recipe_bookUITests.swift */,
				603EB3C52B9F7B1400730C74 /* Recipe_bookUITestsLaunchTests.swift */,
			);
			path = "Recipe bookUITests";
			sourceTree = "<group>";
		};
/* End PBXGroup section */

/* Begin PBXNativeTarget section */
		603EB3A42B9F7B0C00730C74 /* Recipe book */ = {
			isa = PBXNativeTarget;
			buildConfigurationList = 603EB3C92B9F7B1400730C74 /* Build configuration list for PBXNativeTarget "Recipe book" */;
			buildPhases = (
				603EB3A12B9F7B0C00730C74 /* Sources */,
				603EB3A22B9F7B0C00730C74 /* Frameworks */,
				603EB3A32B9F7B0C00730C74 /* Resources */,
			);
			buildRules = (
			);
			dependencies = (
			);
			name = "Recipe book";
			productName = "Recipe book";
			productReference = 603EB3A52B9F7B0C00730C74 /* Recipe book.app */;
			productType = "com.apple.product-type.application";
		};
		603EB3B42B9F7B1400730C74 /* Recipe bookTests */ = {
			isa = PBXNativeTarget;
			buildConfigurationList = 603EB3CC2B9F7B1400730C74 /* Build configuration list for PBXNativeTarget "Recipe bookTests" */;
			buildPhases = (
				603EB3B12B9F7B1400730C74 /* Sources */,
				603EB3B22B9F7B1400730C74 /* Frameworks */,
				603EB3B32B9F7B1400730C74 /* Resources */,
			);
			buildRules = (
			);
			dependencies = (
				603EB3B72B9F7B1400730C74 /* PBXTargetDependency */,
			);
			name = "Recipe bookTests";
			productName = "Recipe bookTests";
			productReference = 603EB3B52B9F7B1400730C74 /* Recipe bookTests.xctest */;
			productType = "com.apple.product-type.bundle.unit-test";
		};
		603EB3BE2B9F7B1400730C74 /* Recipe bookUITests */ = {
			isa = PBXNativeTarget;
			buildConfigurationList = 603EB3CF2B9F7B1400730C74 /* Build configuration list for PBXNativeTarget "Recipe bookUITests" */;
			buildPhases = (
				603EB3BB2B9F7B1400730C74 /* Sources */,
				603EB3BC2B9F7B1400730C74 /* Frameworks */,
				603EB3BD2B9F7B1400730C74 /* Resources */,
			);
			buildRules = (
			);
			dependencies = (
				603EB3C12B9F7B1400730C74 /* PBXTargetDependency */,
			);
			name = "Recipe bookUITests";
			productName = "Recipe bookUITests";
			productReference = 603EB3BF2B9F7B1400730C74 /* Recipe bookUITests.xctest */;
			productType = "com.apple.product-type.bundle.ui-testing";
		};
/* End PBXNativeTarget section */

/* Begin PBXProject section */
		603EB39D2B9F7B0C00730C74 /* Project object */ = {
			isa = PBXProject;
			attributes = {
				BuildIndependentTargetsInParallel = 1;
				LastSwiftUpdateCheck = 1320;
				LastUpgradeCheck = 1320;
				TargetAttributes = {
					603EB3A42B9F7B0C00730C74 = {
						CreatedOnToolsVersion = 13.2.1;
					};
					603EB3B42B9F7B1400730C74 = {
						CreatedOnToolsVersion = 13.2.1;
						TestTargetID = 603EB3A42B9F7B0C00730C74;
					};
					603EB3BE2B9F7B1400730C74 = {
						CreatedOnToolsVersion = 13.2.1;
						TestTargetID = 603EB3A42B9F7B0C00730C74;
					};
				};
			};
			buildConfigurationList = 603EB3A02B9F7B0C00730C74 /* Build configuration list for PBXProject "Recipe book" */;
			compatibilityVersion = "Xcode 13.0";
			developmentRegion = en;
			hasScannedForEncodings = 0;
			knownRegions = (
				en,
				Base,
			);
			mainGroup = 603EB39C2B9F7B0C00730C74;
			productRefGroup = 603EB3A62B9F7B0C00730C74 /* Products */;
			projectDirPath = "";
			projectRoot = "";
			targets = (
				603EB3A42B9F7B0C00730C74 /* Recipe book */,
				603EB3B42B9F7B1400730C74 /* Recipe bookTests */,
				603EB3BE2B9F7B1400730C74 /* Recipe bookUITests */,
			);
		};
/* End PBXProject section */

/* Begin PBXResourcesBuildPhase section */
		603EB3A32B9F7B0C00730C74 /* Resources */ = {
			isa = PBXResourcesBuildPhase;
			buildActionMask = 2147483647;
			files = (
				603EB3B02B9F7B1300730C74 /* Preview Assets.xcassets in Resources */,
				603EB3AD2B9F7B1300730C74 /* Assets.xcassets in Resources */,
			);
			runOnlyForDeploymentPostprocessing = 0;
		};
		603EB3B32B9F7B1400730C74 /* Resources */ = {
			isa = PBXResourcesBuildPhase;
			buildActionMask = 2147483647;
			files = (
			);
			runOnlyForDeploymentPostprocessing = 0;
		};
		603EB3BD2B9F7B1400730C74 /* Resources */ = {
			isa = PBXResourcesBuildPhase;
			buildActionMask = 2147483647;
			files = (
			);
			runOnlyForDeploymentPostprocessing = 0;
		};
/* End PBXResourcesBuildPhase section */

/* Begin PBXSourcesBuildPhase section */
		603EB3A12B9F7B0C00730C74 /* Sources */ = {
			isa = PBXSourcesBuildPhase;
			buildActionMask = 2147483647;
			files = (
				603EB3AB2B9F7B0C00730C74 /* ContentView.swift in Sources */,
				603EB3A92B9F7B0C00730C74 /* Recipe_bookApp.swift in Sources */,
			);
			runOnlyForDeploymentPostprocessing = 0;
		};
		603EB3B12B9F7B1400730C74 /* Sources */ = {
			isa = PBXSourcesBuildPhase;
			buildActionMask = 2147483647;
			files = (
				603EB3BA2B9F7B1400730C74 /* Recipe_bookTests.swift in Sources */,
			);
			runOnlyForDeploymentPostprocessing = 0;
		};
		603EB3BB2B9F7B1400730C74 /* Sources */ = {
			isa = PBXSourcesBuildPhase;
			buildActionMask = 2147483647;
			files = (
				603EB3C42B9F7B1400730C74 /* Recipe_bookUITests.swift in Sources */,
				603EB3C62B9F7B1400730C74 /* Recipe_bookUITestsLaunchTests.swift in Sources */,
			);
			runOnlyForDeploymentPostprocessing = 0;
		};
/* End PBXSourcesBuildPhase section */

/* Begin PBXTargetDependency section */
		603EB3B72B9F7B1400730C74 /* PBXTargetDependency */ = {
			isa = PBXTargetDependency;
			target = 603EB3A42B9F7B0C00730C74 /* Recipe book */;
			targetProxy = 603EB3B62B9F7B1400730C74 /* PBXContainerItemProxy */;
		};
		603EB3C12B9F7B1400730C74 /* PBXTargetDependency */ = {
			isa = PBXTargetDependency;
			target = 603EB3A42B9F7B0C00730C74 /* Recipe book */;
			targetProxy = 603EB3C02B9F7B1400730C74 /* PBXContainerItemProxy */;
		};
/* End PBXTargetDependency section */

/* Begin XCBuildConfiguration section */
		603EB3C72B9F7B1400730C74 /* Debug */ = {
			isa = XCBuildConfiguration;
			buildSettings = {
				ALWAYS_SEARCH_USER_PATHS = NO;
				CLANG_ANALYZER_NONNULL = YES;
				CLANG_ANALYZER_NUMBER_OBJECT_CONVERSION = YES_AGGRESSIVE;
				CLANG_CXX_LANGUAGE_STANDARD = "gnu++17";
				CLANG_CXX_LIBRARY = "libc++";
				CLANG_ENABLE_MODULES = YES;
				CLANG_ENABLE_OBJC_ARC = YES;
				CLANG_ENABLE_OBJC_WEAK = YES;
				CLANG_WARN_BLOCK_CAPTURE_AUTORELEASING = YES;
				CLANG_WARN_BOOL_CONVERSION = YES;
				CLANG_WARN_COMMA = YES;
				CLANG_WARN_CONSTANT_CONVERSION = YES;
				CLANG_WARN_DEPRECATED_OBJC_IMPLEMENTATIONS = YES;
				CLANG_WARN_DIRECT_OBJC_ISA_USAGE = YES_ERROR;
				CLANG_WARN_DOCUMENTATION_COMMENTS = YES;
				CLANG_WARN_EMPTY_BODY = YES;
				CLANG_WARN_ENUM_CONVERSION = YES;
				CLANG_WARN_INFINITE_RECURSION = YES;
				CLANG_WARN_INT_CONVERSION = YES;
				CLANG_WARN_NON_LITERAL_NULL_CONVERSION = YES;
				CLANG_WARN_OBJC_IMPLICIT_RETAIN_SELF = YES;
				CLANG_WARN_OBJC_LITERAL_CONVERSION = YES;
				CLANG_WARN_OBJC_ROOT_CLASS = YES_ERROR;
				CLANG_WARN_QUOTED_INCLUDE_IN_FRAMEWORK_HEADER = YES;
				CLANG_WARN_RANGE_LOOP_ANALYSIS = YES;
				CLANG_WARN_STRICT_PROTOTYPES = YES;
				CLANG_WARN_SUSPICIOUS_MOVE = YES;
				CLANG_WARN_UNGUARDED_AVAILABILITY = YES_AGGRESSIVE;
				CLANG_WARN_UNREACHABLE_CODE = YES;
				CLANG_WARN__DUPLICATE_METHOD_MATCH = YES;
				COPY_PHASE_STRIP = NO;
				DEBUG_INFORMATION_FORMAT = dwarf;
				ENABLE_STRICT_OBJC_MSGSEND = YES;
				ENABLE_TESTABILITY = YES;
				GCC_C_LANGUAGE_STANDARD = gnu11;
				GCC_DYNAMIC_NO_PIC = NO;
				GCC_NO_COMMON_BLOCKS = YES;
				GCC_OPTIMIZATION_LEVEL = 0;
				GCC_PREPROCESSOR_DEFINITIONS = (
					"DEBUG=1",
					"$(inherited)",
				);
				GCC_WARN_64_TO_32_BIT_CONVERSION = YES;
				GCC_WARN_ABOUT_RETURN_TYPE = YES_ERROR;
				GCC_WARN_UNDECLARED_SELECTOR = YES;
				GCC_WARN_UNINITIALIZED_AUTOS = YES_AGGRESSIVE;
				GCC_WARN_UNUSED_FUNCTION = YES;
				GCC_WARN_UNUSED_VARIABLE = YES;
				IPHONEOS_DEPLOYMENT_TARGET = 15.2;
				MTL_ENABLE_DEBUG_INFO = INCLUDE_SOURCE;
				MTL_FAST_MATH = YES;
				ONLY_ACTIVE_ARCH = YES;
				SDKROOT = iphoneos;
				SWIFT_ACTIVE_COMPILATION_CONDITIONS = DEBUG;
				SWIFT_OPTIMIZATION_LEVEL = "-Onone";
			};
			name = Debug;
		};
		603EB3C82B9F7B1400730C74 /* Release */ = {
			isa = XCBuildConfiguration;
			buildSettings = {
				ALWAYS_SEARCH_USER_PATHS = NO;
				CLANG_ANALYZER_NONNULL = YES;
				CLANG_ANALYZER_NUMBER_OBJECT_CONVERSION = YES_AGGRESSIVE;
				CLANG_CXX_LANGUAGE_STANDARD = "gnu++17";
				CLANG_CXX_LIBRARY = "libc++";
				CLANG_ENABLE_MODULES = YES;
				CLANG_ENABLE_OBJC_ARC = YES;
				CLANG_ENABLE_OBJC_WEAK = YES;
				CLANG_WARN_BLOCK_CAPTURE_AUTORELEASING = YES;
				CLANG_WARN_BOOL_CONVERSION = YES;
				CLANG_WARN_COMMA = YES;
				CLANG_WARN_CONSTANT_CONVERSION = YES;
				CLANG_WARN_DEPRECATED_OBJC_IMPLEMENTATIONS = YES;
				CLANG_WARN_DIRECT_OBJC_ISA_USAGE = YES_ERROR;
				CLANG_WARN_DOCUMENTATION_COMMENTS = YES;
				CLANG_WARN_EMPTY_BODY = YES;
				CLANG_WARN_ENUM_CONVERSION = YES;
				CLANG_WARN_INFINITE_RECURSION = YES;
				CLANG_WARN_INT_CONVERSION = YES;
				CLANG_WARN_NON_LITERAL_NULL_CONVERSION = YES;
				CLANG_WARN_OBJC_IMPLICIT_RETAIN_SELF = YES;
				CLANG_WARN_OBJC_LITERAL_CONVERSION = YES;
				CLANG_WARN_OBJC_ROOT_CLASS = YES_ERROR;
				CLANG_WARN_QUOTED_INCLUDE_IN_FRAMEWORK_HEADER = YES;
				CLANG_WARN_RANGE_LOOP_ANALYSIS = YES;
				CLANG_WARN_STRICT_PROTOTYPES = YES;
				CLANG_WARN_SUSPICIOUS_MOVE = YES;
				CLANG_WARN_UNGUARDED_AVAILABILITY = YES_AGGRESSIVE;
				CLANG_WARN_UNREACHABLE_CODE = YES;
				CLANG_WARN__DUPLICATE_METHOD_MATCH = YES;
				COPY_PHASE_STRIP = NO;
				DEBUG_INFORMATION_FORMAT = "dwarf-with-dsym";
				ENABLE_NS_ASSERTIONS = NO;
				ENABLE_STRICT_OBJC_MSGSEND = YES;
				GCC_C_LANGUAGE_STANDARD = gnu11;
				GCC_NO_COMMON_BLOCKS = YES;
				GCC_WARN_64_TO_32_BIT_CONVERSION = YES;
				GCC_WARN_ABOUT_RETURN_TYPE = YES_ERROR;
				GCC_WARN_UNDECLARED_SELECTOR = YES;
				GCC_WARN_UNINITIALIZED_AUTOS = YES_AGGRESSIVE;
				GCC_WARN_UNUSED_FUNCTION = YES;
				GCC_WARN_UNUSED_VARIABLE = YES;
				IPHONEOS_DEPLOYMENT_TARGET = 15.2;
				MTL_ENABLE_DEBUG_INFO = NO;
				MTL_FAST_MATH = YES;
				SDKROOT = iphoneos;
				SWIFT_COMPILATION_MODE = wholemodule;
				SWIFT_OPTIMIZATION_LEVEL = "-O";
				VALIDATE_PRODUCT = YES;
			};
			name = Release;
		};
		603EB3CA2B9F7B1400730C74 /* Debug */ = {
			isa = XCBuildConfiguration;
			buildSettings = {
				ASSETCATALOG_COMPILER_APPICON_NAME = AppIcon;
				ASSETCATALOG_COMPILER_GLOBAL_ACCENT_COLOR_NAME = AccentColor;
				CODE_SIGN_STYLE = Automatic;
				CURRENT_PROJECT_VERSION = 1;
				DEVELOPMENT_ASSET_PATHS = "\"Recipe book/Preview Content\"";
				ENABLE_PREVIEWS = YES;
				GENERATE_INFOPLIST_FILE = YES;
				INFOPLIST_KEY_UIApplicationSceneManifest_Generation = YES;
				INFOPLIST_KEY_UIApplicationSupportsIndirectInputEvents = YES;
				INFOPLIST_KEY_UILaunchScreen_Generation = YES;
				INFOPLIST_KEY_UISupportedInterfaceOrientations_iPad = "UIInterfaceOrientationPortrait UIInterfaceOrientationPortraitUpsideDown UIInterfaceOrientationLandscapeLeft UIInterfaceOrientationLandscapeRight";
				INFOPLIST_KEY_UISupportedInterfaceOrientations_iPhone = "UIInterfaceOrientationPortrait UIInterfaceOrientationLandscapeLeft UIInterfaceOrientationLandscapeRight";
				LD_RUNPATH_SEARCH_PATHS = (
					"$(inherited)",
					"@executable_path/Frameworks",
				);
				MARKETING_VERSION = 1.0;
				PRODUCT_BUNDLE_IDENTIFIER = "io.chuen.Recipe-book";
				PRODUCT_NAME = "$(TARGET_NAME)";
				SWIFT_EMIT_LOC_STRINGS = YES;
				SWIFT_VERSION = 5.0;
				TARGETED_DEVICE_FAMILY = "1,2";
			};
			name = Debug;
		};
		603EB3CB2B9F7B1400730C74 /* Release */ = {
			isa = XCBuildConfiguration;
			buildSettings = {
				ASSETCATALOG_COMPILER_APPICON_NAME = AppIcon;
				ASSETCATALOG_COMPILER_GLOBAL_ACCENT_COLOR_NAME = AccentColor;
				CODE_SIGN_STYLE = Automatic;
				CURRENT_PROJECT_VERSION = 1;
				DEVELOPMENT_ASSET_PATHS = "\"Recipe book/Preview Content\"";
				ENABLE_PREVIEWS = YES;
				GENERATE_INFOPLIST_FILE = YES;
				INFOPLIST_KEY_UIApplicationSceneManifest_Generation = YES;
				INFOPLIST_KEY_UIApplicationSupportsIndirectInputEvents = YES;
				INFOPLIST_KEY_UILaunchScreen_Generation = YES;
				INFOPLIST_KEY_UISupportedInterfaceOrientations_iPad = "UIInterfaceOrientationPortrait UIInterfaceOrientationPortraitUpsideDown UIInterfaceOrientationLandscapeLeft UIInterfaceOrientationLandscapeRight";
				INFOPLIST_KEY_UISupportedInterfaceOrientations_iPhone = "UIInterfaceOrientationPortrait UIInterfaceOrientationLandscapeLeft UIInterfaceOrientationLandscapeRight";
				LD_RUNPATH_SEARCH_PATHS = (
					"$(inherited)",
					"@executable_path/Frameworks",
				);
				MARKETING_VERSION = 1.0;
				PRODUCT_BUNDLE_IDENTIFIER = "io.chuen.Recipe-book";
				PRODUCT_NAME = "$(TARGET_NAME)";
				SWIFT_EMIT_LOC_STRINGS = YES;
				SWIFT_VERSION = 5.0;
				TARGETED_DEVICE_FAMILY = "1,2";
			};
			name = Release;
		};
		603EB3CD2B9F7B1400730C74 /* Debug */ = {
			isa = XCBuildConfiguration;
			buildSettings = {
				ALWAYS_EMBED_SWIFT_STANDARD_LIBRARIES = YES;
				BUNDLE_LOADER = "$(TEST_HOST)";
				CODE_SIGN_STYLE = Automatic;
				CURRENT_PROJECT_VERSION = 1;
				GENERATE_INFOPLIST_FILE = YES;
				IPHONEOS_DEPLOYMENT_TARGET = 15.2;
				MARKETING_VERSION = 1.0;
				PRODUCT_BUNDLE_IDENTIFIER = "io.chuen.Recipe-bookTests";
				PRODUCT_NAME = "$(TARGET_NAME)";
				SWIFT_EMIT_LOC_STRINGS = NO;
				SWIFT_VERSION = 5.0;
				TARGETED_DEVICE_FAMILY = "1,2";
				TEST_HOST = "$(BUILT_PRODUCTS_DIR)/Recipe book.app/Recipe book";
			};
			name = Debug;
		};
		603EB3CE2B9F7B1400730C74 /* Release */ = {
			isa = XCBuildConfiguration;
			buildSettings = {
				ALWAYS_EMBED_SWIFT_STANDARD_LIBRARIES = YES;
				BUNDLE_LOADER = "$(TEST_HOST)";
				CODE_SIGN_STYLE = Automatic;
				CURRENT_PROJECT_VERSION = 1;
				GENERATE_INFOPLIST_FILE = YES;
				IPHONEOS_DEPLOYMENT_TARGET = 15.2;
				MARKETING_VERSION = 1.0;
				PRODUCT_BUNDLE_IDENTIFIER = "io.chuen.Recipe-bookTests";
				PRODUCT_NAME = "$(TARGET_NAME)";
				SWIFT_EMIT_LOC_STRINGS = NO;
				SWIFT_VERSION = 5.0;
				TARGETED_DEVICE_FAMILY = "1,2";
				TEST_HOST = "$(BUILT_PRODUCTS_DIR)/Recipe book.app/Recipe book";
			};
			name = Release;
		};
		603EB3D02B9F7B1400730C74 /* Debug */ = {
			isa = XCBuildConfiguration;
			buildSettings = {
				ALWAYS_EMBED_SWIFT_STANDARD_LIBRARIES = YES;
				CODE_SIGN_STYLE = Automatic;
				CURRENT_PROJECT_VERSION = 1;
				GENERATE_INFOPLIST_FILE = YES;
				MARKETING_VERSION = 1.0;
				PRODUCT_BUNDLE_IDENTIFIER = "io.chuen.Recipe-bookUITests";
				PRODUCT_NAME = "$(TARGET_NAME)";
				SWIFT_EMIT_LOC_STRINGS = NO;
				SWIFT_VERSION = 5.0;
				TARGETED_DEVICE_FAMILY = "1,2";
				TEST_TARGET_NAME = "Recipe book";
			};
			name = Debug;
		};
		603EB3D12B9F7B1400730C74 /* Release */ = {
			isa = XCBuildConfiguration;
			buildSettings = {
				ALWAYS_EMBED_SWIFT_STANDARD_LIBRARIES = YES;
				CODE_SIGN_STYLE = Automatic;
				CURRENT_PROJECT_VERSION = 1;
				GENERATE_INFOPLIST_FILE = YES;
				MARKETING_VERSION = 1.0;
				PRODUCT_BUNDLE_IDENTIFIER = "io.chuen.Recipe-bookUITests";
				PRODUCT_NAME = "$(TARGET_NAME)";
				SWIFT_EMIT_LOC_STRINGS = NO;
				SWIFT_VERSION = 5.0;
				TARGETED_DEVICE_FAMILY = "1,2";
				TEST_TARGET_NAME = "Recipe book";
			};
			name = Release;
		};
/* End XCBuildConfiguration section */

/* Begin XCConfigurationList section */
		603EB3A02B9F7B0C00730C74 /* Build configuration list for PBXProject "Recipe book" */ = {
			isa = XCConfigurationList;
			buildConfigurations = (
				603EB3C72B9F7B1400730C74 /* Debug */,
				603EB3C82B9F7B1400730C74 /* Release */,
			);
			defaultConfigurationIsVisible = 0;
			defaultConfigurationName = Release;
		};
		603EB3C92B9F7B1400730C74 /* Build configuration list for PBXNativeTarget "Recipe book" */ = {
			isa = XCConfigurationList;
			buildConfigurations = (
				603EB3CA2B9F7B1400730C74 /* Debug */,
				603EB3CB2B9F7B1400730C74 /* Release */,
			);
			defaultConfigurationIsVisible = 0;
			defaultConfigurationName = Release;
		};
		603EB3CC2B9F7B1400730C74 /* Build configuration list for PBXNativeTarget "Recipe bookTests" */ = {
			isa = XCConfigurationList;
			buildConfigurations = (
				603EB3CD2B9F7B1400730C74 /* Debug */,
				603EB3CE2B9F7B1400730C74 /* Release */,
			);
			defaultConfigurationIsVisible = 0;
			defaultConfigurationName = Release;
		};
		603EB3CF2B9F7B1400730C74 /* Build configuration list for PBXNativeTarget "Recipe bookUITests" */ = {
			isa = XCConfigurationList;
			buildConfigurations = (
				603EB3D02B9F7B1400730C74 /* Debug */,
				603EB3D12B9F7B1400730C74 /* Release */,
			);
			defaultConfigurationIsVisible = 0;
			defaultConfigurationName = Release;
		};
/* End XCConfigurationList section */
	};
	rootObject = 603EB39D2B9F7B0C00730C74 /* Project object */;
}
